
Microsoft Visual Studio Solution File, Format Version 12.00
# Visual Studio Version 17
VisualStudioVersion = 17.9.34723.18
MinimumVisualStudioVersion = 10.0.40219.1
Project("{9A19103F-16F7-4668-BE54-9A1E7A4F7556}") = "FlightBookingSystem", "FlightBookingSystem\FlightBookingSystem.csproj", "{83A7C1E6-3CD5-4DD8-9922-3EEFF1E27E55}"
EndProject
Project("{FAE04EC0-301F-11D3-BF4B-00C04F79EFBC}") = "FlightBookingSystem.UnitTests", "FlightBookingSystem.UnitTests\FlightBookingSystem.UnitTests.csproj", "{6CC8F137-36CB-4AE6-BE70-00A2730CBB71}"
EndProject
Global
	GlobalSection(SolutionConfigurationPlatforms) = preSolution
		Debug|Any CPU = Debug|Any CPU
		Release|Any CPU = Release|Any CPU
	EndGlobalSection
	GlobalSection(ProjectConfigurationPlatforms) = postSolution
		{83A7C1E6-3CD5-4DD8-9922-3EEFF1E27E55}.Debug|Any CPU.ActiveCfg = Debug|Any CPU
		{83A7C1E6-3CD5-4DD8-9922-3EEFF1E27E55}.Debug|Any CPU.Build.0 = Debug|Any CPU
		{83A7C1E6-3CD5-4DD8-9922-3EEFF1E27E55}.Release|Any CPU.ActiveCfg = Release|Any CPU
		{83A7C1E6-3CD5-4DD8-9922-3EEFF1E27E55}.Release|Any CPU.Build.0 = Release|Any CPU
		{6CC8F137-36CB-4AE6-BE70-00A2730CBB71}.Debug|Any CPU.ActiveCfg = Debug|Any CPU
		{6CC8F137-36CB-4AE6-BE70-00A2730CBB71}.Debug|Any CPU.Build.0 = Debug|Any CPU
		{6CC8F137-36CB-4AE6-BE70-00A2730CBB71}.Release|Any CPU.ActiveCfg = Release|Any CPU
		{6CC8F137-36CB-4AE6-BE70-00A2730CBB71}.Release|Any CPU.Build.0 = Release|Any CPU
	EndGlobalSection
	GlobalSection(SolutionProperties) = preSolution
		HideSolutionNode = FALSE
	EndGlobalSection
	GlobalSection(ExtensibilityGlobals) = postSolution
		SolutionGuid = {A5F8D9CF-C8B7-4573-961A-074CF120563A}
	EndGlobalSection
EndGlobal
